
Microsoft Visual Studio Solution File, Format Version 12.00
# Visual Studio 15
VisualStudioVersion = 15.0.28010.2036
MinimumVisualStudioVersion = 10.0.40219.1
Project("{F2A71F9B-5D33-465A-A702-920D77279786}") = "Lab2.1", "Lab2.1\Lab2.1.fsproj", "{69318EB3-3294-45A4-9466-66C0FAEF0C8F}"
EndProject
Global
	GlobalSection(SolutionConfigurationPlatforms) = preSolution
		Debug|Any CPU = Debug|Any CPU
		Release|Any CPU = Release|Any CPU
	EndGlobalSection
	GlobalSection(ProjectConfigurationPlatforms) = postSolution
		{69318EB3-3294-45A4-9466-66C0FAEF0C8F}.Debug|Any CPU.ActiveCfg = Debug|Any CPU
		{69318EB3-3294-45A4-9466-66C0FAEF0C8F}.Debug|Any CPU.Build.0 = Debug|Any CPU
		{69318EB3-3294-45A4-9466-66C0FAEF0C8F}.Release|Any CPU.ActiveCfg = Release|Any CPU
		{69318EB3-3294-45A4-9466-66C0FAEF0C8F}.Release|Any CPU.Build.0 = Release|Any CPU
	EndGlobalSection
	GlobalSection(SolutionProperties) = preSolution
		HideSolutionNode = FALSE
	EndGlobalSection
	GlobalSection(ExtensibilityGlobals) = postSolution
		SolutionGuid = {5AEBB7A2-B586-43D0-A802-8BD46D378D0A}
	EndGlobalSection
EndGlobal
